# THIS IS AN AUTOGENERATED FILE. DO NOT EDIT THIS FILE DIRECTLY.
# yarn lockfile v1


fitbit-sdk-types@^4.3.5:
  version "4.3.6"
  resolved "https://registry.yarnpkg.com/fitbit-sdk-types/-/fitbit-sdk-types-4.3.6.tgz#9d9545259f7de40e0a8ecb44317317d6bac17e65"
  integrity sha512-315QekuMJgOUVYalC+IJyZ46XSkYoyF4g/jaoqNapIXmjUeSyDeGab/FOz66acQ16z8jAWifDhIZ40a3SXpFSg==
